
Microsoft Visual Studio Solution File, Format Version 12.00
# Visual Studio 15
Project("{FAE04EC0-301F-11D3-BF4B-00C04F79EFBC}") = "Mongo.Android", "Mongo.Android\Mongo.Android.csproj", "{808CF17B-1D2F-40A7-8FEB-4991D5B61422}"
EndProject
Project("{FAE04EC0-301F-11D3-BF4B-00C04F79EFBC}") = "Mongo.iOS", "Mongo.iOS\Mongo.iOS.csproj", "{AB3FE6B3-9D32-41BC-9BD9-F99CB8BE45A2}"
EndProject
Project("{FAE04EC0-301F-11D3-BF4B-00C04F79EFBC}") = "Mongo.UITests", "Mongo.UITests\Mongo.UITests.csproj", "{65B3439C-BC90-4A76-B597-CFCD138F1415}"
EndProject
Project("{FAE04EC0-301F-11D3-BF4B-00C04F79EFBC}") = "Mongo", "Mongo\Mongo.csproj", "{CE8C7EDA-923E-464D-8907-BE0D0332DFEF}"
EndProject
Global
	GlobalSection(SolutionConfigurationPlatforms) = preSolution
		Debug|Any CPU = Debug|Any CPU
		Release|Any CPU = Release|Any CPU
		Debug|iPhoneSimulator = Debug|iPhoneSimulator
		Release|iPhoneSimulator = Release|iPhoneSimulator
		Debug|iPhone = Debug|iPhone
		Release|iPhone = Release|iPhone
	EndGlobalSection
	GlobalSection(ProjectConfigurationPlatforms) = postSolution
		{808CF17B-1D2F-40A7-8FEB-4991D5B61422}.Debug|Any CPU.ActiveCfg = Debug|Any CPU
		{808CF17B-1D2F-40A7-8FEB-4991D5B61422}.Debug|Any CPU.Build.0 = Debug|Any CPU
		{808CF17B-1D2F-40A7-8FEB-4991D5B61422}.Release|Any CPU.ActiveCfg = Release|Any CPU
		{808CF17B-1D2F-40A7-8FEB-4991D5B61422}.Release|Any CPU.Build.0 = Release|Any CPU
		{808CF17B-1D2F-40A7-8FEB-4991D5B61422}.Debug|iPhoneSimulator.ActiveCfg = Debug|Any CPU
		{808CF17B-1D2F-40A7-8FEB-4991D5B61422}.Debug|iPhoneSimulator.Build.0 = Debug|Any CPU
		{808CF17B-1D2F-40A7-8FEB-4991D5B61422}.Release|iPhoneSimulator.ActiveCfg = Release|Any CPU
		{808CF17B-1D2F-40A7-8FEB-4991D5B61422}.Release|iPhoneSimulator.Build.0 = Release|Any CPU
		{808CF17B-1D2F-40A7-8FEB-4991D5B61422}.Debug|iPhone.ActiveCfg = Debug|Any CPU
		{808CF17B-1D2F-40A7-8FEB-4991D5B61422}.Debug|iPhone.Build.0 = Debug|Any CPU
		{808CF17B-1D2F-40A7-8FEB-4991D5B61422}.Release|iPhone.ActiveCfg = Release|Any CPU
		{808CF17B-1D2F-40A7-8FEB-4991D5B61422}.Release|iPhone.Build.0 = Release|Any CPU
		{AB3FE6B3-9D32-41BC-9BD9-F99CB8BE45A2}.Debug|Any CPU.ActiveCfg = Debug|iPhoneSimulator
		{AB3FE6B3-9D32-41BC-9BD9-F99CB8BE45A2}.Debug|Any CPU.Build.0 = Debug|iPhoneSimulator
		{AB3FE6B3-9D32-41BC-9BD9-F99CB8BE45A2}.Release|Any CPU.ActiveCfg = Release|iPhoneSimulator
		{AB3FE6B3-9D32-41BC-9BD9-F99CB8BE45A2}.Release|Any CPU.Build.0 = Release|iPhoneSimulator
		{AB3FE6B3-9D32-41BC-9BD9-F99CB8BE45A2}.Debug|iPhoneSimulator.ActiveCfg = Debug|iPhoneSimulator
		{AB3FE6B3-9D32-41BC-9BD9-F99CB8BE45A2}.Debug|iPhoneSimulator.Build.0 = Debug|iPhoneSimulator
		{AB3FE6B3-9D32-41BC-9BD9-F99CB8BE45A2}.Release|iPhoneSimulator.ActiveCfg = Release|iPhoneSimulator
		{AB3FE6B3-9D32-41BC-9BD9-F99CB8BE45A2}.Release|iPhoneSimulator.Build.0 = Release|iPhoneSimulator
		{AB3FE6B3-9D32-41BC-9BD9-F99CB8BE45A2}.Debug|iPhone.ActiveCfg = Debug|iPhone
		{AB3FE6B3-9D32-41BC-9BD9-F99CB8BE45A2}.Debug|iPhone.Build.0 = Debug|iPhone
		{AB3FE6B3-9D32-41BC-9BD9-F99CB8BE45A2}.Release|iPhone.ActiveCfg = Release|iPhone
		{AB3FE6B3-9D32-41BC-9BD9-F99CB8BE45A2}.Release|iPhone.Build.0 = Release|iPhone
		{65B3439C-BC90-4A76-B597-CFCD138F1415}.Debug|Any CPU.ActiveCfg = Debug|Any CPU
		{65B3439C-BC90-4A76-B597-CFCD138F1415}.Debug|Any CPU.Build.0 = Debug|Any CPU
		{65B3439C-BC90-4A76-B597-CFCD138F1415}.Release|Any CPU.ActiveCfg = Release|Any CPU
		{65B3439C-BC90-4A76-B597-CFCD138F1415}.Release|Any CPU.Build.0 = Release|Any CPU
		{65B3439C-BC90-4A76-B597-CFCD138F1415}.Debug|iPhoneSimulator.ActiveCfg = Debug|Any CPU
		{65B3439C-BC90-4A76-B597-CFCD138F1415}.Debug|iPhoneSimulator.Build.0 = Debug|Any CPU
		{65B3439C-BC90-4A76-B597-CFCD138F1415}.Release|iPhoneSimulator.ActiveCfg = Release|Any CPU
		{65B3439C-BC90-4A76-B597-CFCD138F1415}.Release|iPhoneSimulator.Build.0 = Release|Any CPU
		{65B3439C-BC90-4A76-B597-CFCD138F1415}.Debug|iPhone.ActiveCfg = Debug|Any CPU
		{65B3439C-BC90-4A76-B597-CFCD138F1415}.Debug|iPhone.Build.0 = Debug|Any CPU
		{65B3439C-BC90-4A76-B597-CFCD138F1415}.Release|iPhone.ActiveCfg = Release|Any CPU
		{65B3439C-BC90-4A76-B597-CFCD138F1415}.Release|iPhone.Build.0 = Release|Any CPU
		{CE8C7EDA-923E-464D-8907-BE0D0332DFEF}.Debug|Any CPU.ActiveCfg = Debug|Any CPU
		{CE8C7EDA-923E-464D-8907-BE0D0332DFEF}.Debug|Any CPU.Build.0 = Debug|Any CPU
		{CE8C7EDA-923E-464D-8907-BE0D0332DFEF}.Release|Any CPU.ActiveCfg = Release|Any CPU
		{CE8C7EDA-923E-464D-8907-BE0D0332DFEF}.Release|Any CPU.Build.0 = Release|Any CPU
		{CE8C7EDA-923E-464D-8907-BE0D0332DFEF}.Debug|iPhoneSimulator.ActiveCfg = Debug|Any CPU
		{CE8C7EDA-923E-464D-8907-BE0D0332DFEF}.Debug|iPhoneSimulator.Build.0 = Debug|Any CPU
		{CE8C7EDA-923E-464D-8907-BE0D0332DFEF}.Release|iPhoneSimulator.ActiveCfg = Release|Any CPU
		{CE8C7EDA-923E-464D-8907-BE0D0332DFEF}.Release|iPhoneSimulator.Build.0 = Release|Any CPU
		{CE8C7EDA-923E-464D-8907-BE0D0332DFEF}.Debug|iPhone.ActiveCfg = Debug|Any CPU
		{CE8C7EDA-923E-464D-8907-BE0D0332DFEF}.Debug|iPhone.Build.0 = Debug|Any CPU
		{CE8C7EDA-923E-464D-8907-BE0D0332DFEF}.Release|iPhone.ActiveCfg = Release|Any CPU
		{CE8C7EDA-923E-464D-8907-BE0D0332DFEF}.Release|iPhone.Build.0 = Release|Any CPU
	EndGlobalSection
EndGlobal
